// !$*UTF8*$!
{
	archiveVersion = 1;
	classes = {
	};
	objectVersion = 46;
	objects = {

/* Begin PBXBuildFile section */
		3FB55BCFAA9D5293E6881838 /* Pods_CatstagramUITests.framework in Frameworks */ = {isa = PBXBuildFile; fileRef = 699EF5833978F3FC8E780095 /* Pods_CatstagramUITests.framework */; };
		767D0AC90272955AFFFB5631 /* Pods_CatstagramTests.framework in Frameworks */ = {isa = PBXBuildFile; fileRef = 17DCD0FF84AE09158CE9B1C6 /* Pods_CatstagramTests.framework */; };
		865050E31F031581003B0D40 /* PhotoMapViewController.swift in Sources */ = {isa = PBXBuildFile; fileRef = 865050E21F031581003B0D40 /* PhotoMapViewController.swift */; };
		865050E51F031EC6003B0D40 /* HomeScreenViewController.swift in Sources */ = {isa = PBXBuildFile; fileRef = 865050E41F031EC6003B0D40 /* HomeScreenViewController.swift */; };
		865050E71F032F5B003B0D40 /* Post.swift in Sources */ = {isa = PBXBuildFile; fileRef = 865050E61F032F5B003B0D40 /* Post.swift */; };
		865050ED1F042D1B003B0D40 /* PostCell.swift in Sources */ = {isa = PBXBuildFile; fileRef = 865050EC1F042D1B003B0D40 /* PostCell.swift */; };
		866EB8661F0302B2004DD202 /* LoginViewController.swift in Sources */ = {isa = PBXBuildFile; fileRef = 866EB8651F0302B2004DD202 /* LoginViewController.swift */; };
		86735A701F047B890085774B /* SelectionViewController.swift in Sources */ = {isa = PBXBuildFile; fileRef = 86735A6F1F047B890085774B /* SelectionViewController.swift */; };
		86C5B6D11F02FC7A0003C643 /* AppDelegate.swift in Sources */ = {isa = PBXBuildFile; fileRef = 86C5B6D01F02FC7A0003C643 /* AppDelegate.swift */; };
		86C5B6D61F02FC7A0003C643 /* Main.storyboard in Resources */ = {isa = PBXBuildFile; fileRef = 86C5B6D41F02FC7A0003C643 /* Main.storyboard */; };
		86C5B6D81F02FC7A0003C643 /* Assets.xcassets in Resources */ = {isa = PBXBuildFile; fileRef = 86C5B6D71F02FC7A0003C643 /* Assets.xcassets */; };
		86C5B6DB1F02FC7A0003C643 /* LaunchScreen.storyboard in Resources */ = {isa = PBXBuildFile; fileRef = 86C5B6D91F02FC7A0003C643 /* LaunchScreen.storyboard */; };
		86C5B6E61F02FC7A0003C643 /* CatstagramTests.swift in Sources */ = {isa = PBXBuildFile; fileRef = 86C5B6E51F02FC7A0003C643 /* CatstagramTests.swift */; };
		86C5B6F11F02FC7A0003C643 /* CatstagramUITests.swift in Sources */ = {isa = PBXBuildFile; fileRef = 86C5B6F01F02FC7A0003C643 /* CatstagramUITests.swift */; };
		86E0DD571F0584BA00A0118B /* DetailedPostViewController.swift in Sources */ = {isa = PBXBuildFile; fileRef = 86E0DD561F0584BA00A0118B /* DetailedPostViewController.swift */; };
		86E0DD5B1F05CA5000A0118B /* ProfileViewController.swift in Sources */ = {isa = PBXBuildFile; fileRef = 86E0DD5A1F05CA5000A0118B /* ProfileViewController.swift */; };
		97B2FE3B3ABD6CC6B41CFF30 /* Pods_Catstagram.framework in Frameworks */ = {isa = PBXBuildFile; fileRef = 099CCBCA079401A4AB95CF6A /* Pods_Catstagram.framework */; };
/* End PBXBuildFile section */

/* Begin PBXContainerItemProxy section */
		86C5B6E21F02FC7A0003C643 /* PBXContainerItemProxy */ = {
			isa = PBXContainerItemProxy;
			containerPortal = 86C5B6C51F02FC7A0003C643 /* Project object */;
			proxyType = 1;
			remoteGlobalIDString = 86C5B6CC1F02FC7A0003C643;
			remoteInfo = Catstagram;
		};
		86C5B6ED1F02FC7A0003C643 /* PBXContainerItemProxy */ = {
			isa = PBXContainerItemProxy;
			containerPortal = 86C5B6C51F02FC7A0003C643 /* Project object */;
			proxyType = 1;
			remoteGlobalIDString = 86C5B6CC1F02FC7A0003C643;
			remoteInfo = Catstagram;
		};
/* End PBXContainerItemProxy section */

/* Begin PBXFileReference section */
		099CCBCA079401A4AB95CF6A /* Pods_Catstagram.framework */ = {isa = PBXFileReference; explicitFileType = wrapper.framework; includeInIndex = 0; path = Pods_Catstagram.framework; sourceTree = BUILT_PRODUCTS_DIR; };
		17DCD0FF84AE09158CE9B1C6 /* Pods_CatstagramTests.framework */ = {isa = PBXFileReference; explicitFileType = wrapper.framework; includeInIndex = 0; path = Pods_CatstagramTests.framework; sourceTree = BUILT_PRODUCTS_DIR; };
		322D227006153E72572DF020 /* Pods-CatstagramUITests.debug.xcconfig */ = {isa = PBXFileReference; includeInIndex = 1; lastKnownFileType = text.xcconfig; name = "Pods-CatstagramUITests.debug.xcconfig"; path = "Pods/Target Support Files/Pods-CatstagramUITests/Pods-CatstagramUITests.debug.xcconfig"; sourceTree = "<group>"; };
		699EF5833978F3FC8E780095 /* Pods_CatstagramUITests.framework */ = {isa = PBXFileReference; explicitFileType = wrapper.framework; includeInIndex = 0; path = Pods_CatstagramUITests.framework; sourceTree = BUILT_PRODUCTS_DIR; };
		82D664BA3500F244CD396601 /* Pods-Catstagram.debug.xcconfig */ = {isa = PBXFileReference; includeInIndex = 1; lastKnownFileType = text.xcconfig; name = "Pods-Catstagram.debug.xcconfig"; path = "Pods/Target Support Files/Pods-Catstagram/Pods-Catstagram.debug.xcconfig"; sourceTree = "<group>"; };
		865050E21F031581003B0D40 /* PhotoMapViewController.swift */ = {isa = PBXFileReference; fileEncoding = 4; lastKnownFileType = sourcecode.swift; path = PhotoMapViewController.swift; sourceTree = "<group>"; };
		865050E41F031EC6003B0D40 /* HomeScreenViewController.swift */ = {isa = PBXFileReference; fileEncoding = 4; lastKnownFileType = sourcecode.swift; path = HomeScreenViewController.swift; sourceTree = "<group>"; };
		865050E61F032F5B003B0D40 /* Post.swift */ = {isa = PBXFileReference; fileEncoding = 4; lastKnownFileType = sourcecode.swift; name = Post.swift; path = ../Post.swift; sourceTree = "<group>"; };
		865050EC1F042D1B003B0D40 /* PostCell.swift */ = {isa = PBXFileReference; fileEncoding = 4; lastKnownFileType = sourcecode.swift; path = PostCell.swift; sourceTree = "<group>"; };
		866EB8651F0302B2004DD202 /* LoginViewController.swift */ = {isa = PBXFileReference; fileEncoding = 4; lastKnownFileType = sourcecode.swift; path = LoginViewController.swift; sourceTree = "<group>"; };
		86735A6F1F047B890085774B /* SelectionViewController.swift */ = {isa = PBXFileReference; fileEncoding = 4; lastKnownFileType = sourcecode.swift; name = SelectionViewController.swift; path = ../SelectionViewController.swift; sourceTree = "<group>"; };
		86C5B6CD1F02FC7A0003C643 /* Catstagram.app */ = {isa = PBXFileReference; explicitFileType = wrapper.application; includeInIndex = 0; path = Catstagram.app; sourceTree = BUILT_PRODUCTS_DIR; };
		86C5B6D01F02FC7A0003C643 /* AppDelegate.swift */ = {isa = PBXFileReference; lastKnownFileType = sourcecode.swift; path = AppDelegate.swift; sourceTree = "<group>"; };
		86C5B6D51F02FC7A0003C643 /* Base */ = {isa = PBXFileReference; lastKnownFileType = file.storyboard; name = Base; path = Base.lproj/Main.storyboard; sourceTree = "<group>"; };
		86C5B6D71F02FC7A0003C643 /* Assets.xcassets */ = {isa = PBXFileReference; lastKnownFileType = folder.assetcatalog; path = Assets.xcassets; sourceTree = "<group>"; };
		86C5B6DA1F02FC7A0003C643 /* Base */ = {isa = PBXFileReference; lastKnownFileType = file.storyboard; name = Base; path = Base.lproj/LaunchScreen.storyboard; sourceTree = "<group>"; };
		86C5B6DC1F02FC7A0003C643 /* Info.plist */ = {isa = PBXFileReference; lastKnownFileType = text.plist.xml; path = Info.plist; sourceTree = "<group>"; };
		86C5B6E11F02FC7A0003C643 /* CatstagramTests.xctest */ = {isa = PBXFileReference; explicitFileType = wrapper.cfbundle; includeInIndex = 0; path = CatstagramTests.xctest; sourceTree = BUILT_PRODUCTS_DIR; };
		86C5B6E51F02FC7A0003C643 /* CatstagramTests.swift */ = {isa = PBXFileReference; lastKnownFileType = sourcecode.swift; path = CatstagramTests.swift; sourceTree = "<group>"; };
		86C5B6E71F02FC7A0003C643 /* Info.plist */ = {isa = PBXFileReference; lastKnownFileType = text.plist.xml; path = Info.plist; sourceTree = "<group>"; };
		86C5B6EC1F02FC7A0003C643 /* CatstagramUITests.xctest */ = {isa = PBXFileReference; explicitFileType = wrapper.cfbundle; includeInIndex = 0; path = CatstagramUITests.xctest; sourceTree = BUILT_PRODUCTS_DIR; };
		86C5B6F01F02FC7A0003C643 /* CatstagramUITests.swift */ = {isa = PBXFileReference; lastKnownFileType = sourcecode.swift; path = CatstagramUITests.swift; sourceTree = "<group>"; };
		86C5B6F21F02FC7A0003C643 /* Info.plist */ = {isa = PBXFileReference; lastKnownFileType = text.plist.xml; path = Info.plist; sourceTree = "<group>"; };
		86E0DD561F0584BA00A0118B /* DetailedPostViewController.swift */ = {isa = PBXFileReference; fileEncoding = 4; lastKnownFileType = sourcecode.swift; path = DetailedPostViewController.swift; sourceTree = "<group>"; };
		86E0DD5A1F05CA5000A0118B /* ProfileViewController.swift */ = {isa = PBXFileReference; fileEncoding = 4; lastKnownFileType = sourcecode.swift; path = ProfileViewController.swift; sourceTree = "<group>"; };
		C0EE6DDAA423C8E658E7864D /* Pods-CatstagramUITests.release.xcconfig */ = {isa = PBXFileReference; includeInIndex = 1; lastKnownFileType = text.xcconfig; name = "Pods-CatstagramUITests.release.xcconfig"; path = "Pods/Target Support Files/Pods-CatstagramUITests/Pods-CatstagramUITests.release.xcconfig"; sourceTree = "<group>"; };
		CBEB697E2F0149997F146F06 /* Pods-Catstagram.release.xcconfig */ = {isa = PBXFileReference; includeInIndex = 1; lastKnownFileType = text.xcconfig; name = "Pods-Catstagram.release.xcconfig"; path = "Pods/Target Support Files/Pods-Catstagram/Pods-Catstagram.release.xcconfig"; sourceTree = "<group>"; };
		CE6DB0464B4EB25C371F001F /* Pods-CatstagramTests.release.xcconfig */ = {isa = PBXFileReference; includeInIndex = 1; lastKnownFileType = text.xcconfig; name = "Pods-CatstagramTests.release.xcconfig"; path = "Pods/Target Support Files/Pods-CatstagramTests/Pods-CatstagramTests.release.xcconfig"; sourceTree = "<group>"; };
		DE8BA4261FEFFC76BC3C4C8F /* Pods-CatstagramTests.debug.xcconfig */ = {isa = PBXFileReference; includeInIndex = 1; lastKnownFileType = text.xcconfig; name = "Pods-CatstagramTests.debug.xcconfig"; path = "Pods/Target Support Files/Pods-CatstagramTests/Pods-CatstagramTests.debug.xcconfig"; sourceTree = "<group>"; };
/* End PBXFileReference section */

/* Begin PBXFrameworksBuildPhase section */
		86C5B6CA1F02FC7A0003C643 /* Frameworks */ = {
			isa = PBXFrameworksBuildPhase;
			buildActionMask = 2147483647;
			files = (
				97B2FE3B3ABD6CC6B41CFF30 /* Pods_Catstagram.framework in Frameworks */,
			);
			runOnlyForDeploymentPostprocessing = 0;
		};
		86C5B6DE1F02FC7A0003C643 /* Frameworks */ = {
			isa = PBXFrameworksBuildPhase;
			buildActionMask = 2147483647;
			files = (
				767D0AC90272955AFFFB5631 /* Pods_CatstagramTests.framework in Frameworks */,
			);
			runOnlyForDeploymentPostprocessing = 0;
		};
		86C5B6E91F02FC7A0003C643 /* Frameworks */ = {
			isa = PBXFrameworksBuildPhase;
			buildActionMask = 2147483647;
			files = (
				3FB55BCFAA9D5293E6881838 /* Pods_CatstagramUITests.framework in Frameworks */,
			);
			runOnlyForDeploymentPostprocessing = 0;
		};
/* End PBXFrameworksBuildPhase section */

/* Begin PBXGroup section */
		75BE36C6290FD97B98F70628 /* Frameworks */ = {
			isa = PBXGroup;
			children = (
				099CCBCA079401A4AB95CF6A /* Pods_Catstagram.framework */,
				17DCD0FF84AE09158CE9B1C6 /* Pods_CatstagramTests.framework */,
				699EF5833978F3FC8E780095 /* Pods_CatstagramUITests.framework */,
			);
			name = Frameworks;
			sourceTree = "<group>";
		};
		86735A711F0487B60085774B /* View Controllers */ = {
			isa = PBXGroup;
			children = (
				86735A6F1F047B890085774B /* SelectionViewController.swift */,
				865050E41F031EC6003B0D40 /* HomeScreenViewController.swift */,
				865050E21F031581003B0D40 /* PhotoMapViewController.swift */,
				866EB8651F0302B2004DD202 /* LoginViewController.swift */,
				86E0DD561F0584BA00A0118B /* DetailedPostViewController.swift */,
				86E0DD5A1F05CA5000A0118B /* ProfileViewController.swift */,
			);
			name = "View Controllers";
			sourceTree = "<group>";
		};
		86C5B6C41F02FC7A0003C643 = {
			isa = PBXGroup;
			children = (
				86C5B6CF1F02FC7A0003C643 /* Catstagram */,
				86C5B6E41F02FC7A0003C643 /* CatstagramTests */,
				86C5B6EF1F02FC7A0003C643 /* CatstagramUITests */,
				86C5B6CE1F02FC7A0003C643 /* Products */,
				B69FBE7201D2AB9FBB8346E0 /* Pods */,
				75BE36C6290FD97B98F70628 /* Frameworks */,
			);
			sourceTree = "<group>";
		};
		86C5B6CE1F02FC7A0003C643 /* Products */ = {
			isa = PBXGroup;
			children = (
				86C5B6CD1F02FC7A0003C643 /* Catstagram.app */,
				86C5B6E11F02FC7A0003C643 /* CatstagramTests.xctest */,
				86C5B6EC1F02FC7A0003C643 /* CatstagramUITests.xctest */,
			);
			name = Products;
			sourceTree = "<group>";
		};
		86C5B6CF1F02FC7A0003C643 /* Catstagram */ = {
			isa = PBXGroup;
			children = (
				86C5B6D01F02FC7A0003C643 /* AppDelegate.swift */,
				86735A711F0487B60085774B /* View Controllers */,
				86C5B6D41F02FC7A0003C643 /* Main.storyboard */,
				86C5B6D91F02FC7A0003C643 /* LaunchScreen.storyboard */,
				865050E61F032F5B003B0D40 /* Post.swift */,
				865050EC1F042D1B003B0D40 /* PostCell.swift */,
				86C5B6DC1F02FC7A0003C643 /* Info.plist */,
				86C5B6D71F02FC7A0003C643 /* Assets.xcassets */,
			);
			path = Catstagram;
			sourceTree = "<group>";
		};
		86C5B6E41F02FC7A0003C643 /* CatstagramTests */ = {
			isa = PBXGroup;
			children = (
				86C5B6E51F02FC7A0003C643 /* CatstagramTests.swift */,
				86C5B6E71F02FC7A0003C643 /* Info.plist */,
			);
			path = CatstagramTests;
			sourceTree = "<group>";
		};
		86C5B6EF1F02FC7A0003C643 /* CatstagramUITests */ = {
			isa = PBXGroup;
			children = (
				86C5B6F01F02FC7A0003C643 /* CatstagramUITests.swift */,
				86C5B6F21F02FC7A0003C643 /* Info.plist */,
			);
			path = CatstagramUITests;
			sourceTree = "<group>";
		};
		B69FBE7201D2AB9FBB8346E0 /* Pods */ = {
			isa = PBXGroup;
			children = (
				82D664BA3500F244CD396601 /* Pods-Catstagram.debug.xcconfig */,
				CBEB697E2F0149997F146F06 /* Pods-Catstagram.release.xcconfig */,
				DE8BA4261FEFFC76BC3C4C8F /* Pods-CatstagramTests.debug.xcconfig */,
				CE6DB0464B4EB25C371F001F /* Pods-CatstagramTests.release.xcconfig */,
				322D227006153E72572DF020 /* Pods-CatstagramUITests.debug.xcconfig */,
				C0EE6DDAA423C8E658E7864D /* Pods-CatstagramUITests.release.xcconfig */,
			);
			name = Pods;
			sourceTree = "<group>";
		};
/* End PBXGroup section */

/* Begin PBXNativeTarget section */
		86C5B6CC1F02FC7A0003C643 /* Catstagram */ = {
			isa = PBXNativeTarget;
			buildConfigurationList = 86C5B6F51F02FC7A0003C643 /* Build configuration list for PBXNativeTarget "Catstagram" */;
			buildPhases = (
				F9AEA7E2E803A0359A969A3D /* [CP] Check Pods Manifest.lock */,
				86C5B6C91F02FC7A0003C643 /* Sources */,
				86C5B6CA1F02FC7A0003C643 /* Frameworks */,
				86C5B6CB1F02FC7A0003C643 /* Resources */,
				F67D8A020BFD56F0139EA108 /* [CP] Embed Pods Frameworks */,
				C203F583AE2BA6294D2469DC /* [CP] Copy Pods Resources */,
			);
			buildRules = (
			);
			dependencies = (
			);
			name = Catstagram;
			productName = Catstagram;
			productReference = 86C5B6CD1F02FC7A0003C643 /* Catstagram.app */;
			productType = "com.apple.product-type.application";
		};
		86C5B6E01F02FC7A0003C643 /* CatstagramTests */ = {
			isa = PBXNativeTarget;
			buildConfigurationList = 86C5B6F81F02FC7A0003C643 /* Build configuration list for PBXNativeTarget "CatstagramTests" */;
			buildPhases = (
				7F01D1419D503CEBEC56934C /* [CP] Check Pods Manifest.lock */,
				86C5B6DD1F02FC7A0003C643 /* Sources */,
				86C5B6DE1F02FC7A0003C643 /* Frameworks */,
				86C5B6DF1F02FC7A0003C643 /* Resources */,
				D5356853121F94B119CBD9AE /* [CP] Embed Pods Frameworks */,
				C88522CC93A2013655ABCD7D /* [CP] Copy Pods Resources */,
			);
			buildRules = (
			);
			dependencies = (
				86C5B6E31F02FC7A0003C643 /* PBXTargetDependency */,
			);
			name = CatstagramTests;
			productName = CatstagramTests;
			productReference = 86C5B6E11F02FC7A0003C643 /* CatstagramTests.xctest */;
			productType = "com.apple.product-type.bundle.unit-test";
		};
		86C5B6EB1F02FC7A0003C643 /* CatstagramUITests */ = {
			isa = PBXNativeTarget;
			buildConfigurationList = 86C5B6FB1F02FC7A0003C643 /* Build configuration list for PBXNativeTarget "CatstagramUITests" */;
			buildPhases = (
				1FAE58C8B5DAAF188D85EB87 /* [CP] Check Pods Manifest.lock */,
				86C5B6E81F02FC7A0003C643 /* Sources */,
				86C5B6E91F02FC7A0003C643 /* Frameworks */,
				86C5B6EA1F02FC7A0003C643 /* Resources */,
				1418A6F1FB071A146C4899B6 /* [CP] Embed Pods Frameworks */,
				B7A1F5E666EBFFDF6776F581 /* [CP] Copy Pods Resources */,
			);
			buildRules = (
			);
			dependencies = (
				86C5B6EE1F02FC7A0003C643 /* PBXTargetDependency */,
			);
			name = CatstagramUITests;
			productName = CatstagramUITests;
			productReference = 86C5B6EC1F02FC7A0003C643 /* CatstagramUITests.xctest */;
			productType = "com.apple.product-type.bundle.ui-testing";
		};
/* End PBXNativeTarget section */

/* Begin PBXProject section */
		86C5B6C51F02FC7A0003C643 /* Project object */ = {
			isa = PBXProject;
			attributes = {
				LastSwiftUpdateCheck = 0830;
				LastUpgradeCheck = 0830;
				ORGANIZATIONNAME = "Olga Andreeva";
				TargetAttributes = {
					86C5B6CC1F02FC7A0003C643 = {
						CreatedOnToolsVersion = 8.3.2;
						DevelopmentTeam = 2RV3P7RPT3;
						ProvisioningStyle = Automatic;
					};
					86C5B6E01F02FC7A0003C643 = {
						CreatedOnToolsVersion = 8.3.2;
						ProvisioningStyle = Automatic;
						TestTargetID = 86C5B6CC1F02FC7A0003C643;
					};
					86C5B6EB1F02FC7A0003C643 = {
						CreatedOnToolsVersion = 8.3.2;
						ProvisioningStyle = Automatic;
						TestTargetID = 86C5B6CC1F02FC7A0003C643;
					};
				};
			};
			buildConfigurationList = 86C5B6C81F02FC7A0003C643 /* Build configuration list for PBXProject "Catstagram" */;
			compatibilityVersion = "Xcode 3.2";
			developmentRegion = English;
			hasScannedForEncodings = 0;
			knownRegions = (
				en,
				Base,
			);
			mainGroup = 86C5B6C41F02FC7A0003C643;
			productRefGroup = 86C5B6CE1F02FC7A0003C643 /* Products */;
			projectDirPath = "";
			projectRoot = "";
			targets = (
				86C5B6CC1F02FC7A0003C643 /* Catstagram */,
				86C5B6E01F02FC7A0003C643 /* CatstagramTests */,
				86C5B6EB1F02FC7A0003C643 /* CatstagramUITests */,
			);
		};
/* End PBXProject section */

/* Begin PBXResourcesBuildPhase section */
		86C5B6CB1F02FC7A0003C643 /* Resources */ = {
			isa = PBXResourcesBuildPhase;
			buildActionMask = 2147483647;
			files = (
				86C5B6DB1F02FC7A0003C643 /* LaunchScreen.storyboard in Resources */,
				86C5B6D81F02FC7A0003C643 /* Assets.xcassets in Resources */,
				86C5B6D61F02FC7A0003C643 /* Main.storyboard in Resources */,
			);
			runOnlyForDeploymentPostprocessing = 0;
		};
		86C5B6DF1F02FC7A0003C643 /* Resources */ = {
			isa = PBXResourcesBuildPhase;
			buildActionMask = 2147483647;
			files = (
			);
			runOnlyForDeploymentPostprocessing = 0;
		};
		86C5B6EA1F02FC7A0003C643 /* Resources */ = {
			isa = PBXResourcesBuildPhase;
			buildActionMask = 2147483647;
			files = (
			);
			runOnlyForDeploymentPostprocessing = 0;
		};
/* End PBXResourcesBuildPhase section */

/* Begin PBXShellScriptBuildPhase section */
		1418A6F1FB071A146C4899B6 /* [CP] Embed Pods Frameworks */ = {
			isa = PBXShellScriptBuildPhase;
			buildActionMask = 2147483647;
			files = (
			);
			inputPaths = (
			);
			name = "[CP] Embed Pods Frameworks";
			outputPaths = (
			);
			runOnlyForDeploymentPostprocessing = 0;
			shellPath = /bin/sh;
			shellScript = "\"${SRCROOT}/Pods/Target Support Files/Pods-CatstagramUITests/Pods-CatstagramUITests-frameworks.sh\"\n";
			showEnvVarsInLog = 0;
		};
		1FAE58C8B5DAAF188D85EB87 /* [CP] Check Pods Manifest.lock */ = {
			isa = PBXShellScriptBuildPhase;
			buildActionMask = 2147483647;
			files = (
			);
			inputPaths = (
			);
			name = "[CP] Check Pods Manifest.lock";
			outputPaths = (
			);
			runOnlyForDeploymentPostprocessing = 0;
			shellPath = /bin/sh;
			shellScript = "diff \"${PODS_PODFILE_DIR_PATH}/Podfile.lock\" \"${PODS_ROOT}/Manifest.lock\" > /dev/null\nif [ $? != 0 ] ; then\n    # print error to STDERR\n    echo \"error: The sandbox is not in sync with the Podfile.lock. Run 'pod install' or update your CocoaPods installation.\" >&2\n    exit 1\nfi\n";
			showEnvVarsInLog = 0;
		};
		7F01D1419D503CEBEC56934C /* [CP] Check Pods Manifest.lock */ = {
			isa = PBXShellScriptBuildPhase;
			buildActionMask = 2147483647;
			files = (
			);
			inputPaths = (
			);
			name = "[CP] Check Pods Manifest.lock";
			outputPaths = (
			);
			runOnlyForDeploymentPostprocessing = 0;
			shellPath = /bin/sh;
			shellScript = "diff \"${PODS_PODFILE_DIR_PATH}/Podfile.lock\" \"${PODS_ROOT}/Manifest.lock\" > /dev/null\nif [ $? != 0 ] ; then\n    # print error to STDERR\n    echo \"error: The sandbox is not in sync with the Podfile.lock. Run 'pod install' or update your CocoaPods installation.\" >&2\n    exit 1\nfi\n";
			showEnvVarsInLog = 0;
		};
		B7A1F5E666EBFFDF6776F581 /* [CP] Copy Pods Resources */ = {
			isa = PBXShellScriptBuildPhase;
			buildActionMask = 2147483647;
			files = (
			);
			inputPaths = (
			);
			name = "[CP] Copy Pods Resources";
			outputPaths = (
			);
			runOnlyForDeploymentPostprocessing = 0;
			shellPath = /bin/sh;
			shellScript = "\"${SRCROOT}/Pods/Target Support Files/Pods-CatstagramUITests/Pods-CatstagramUITests-resources.sh\"\n";
			showEnvVarsInLog = 0;
		};
		C203F583AE2BA6294D2469DC /* [CP] Copy Pods Resources */ = {
			isa = PBXShellScriptBuildPhase;
			buildActionMask = 2147483647;
			files = (
			);
			inputPaths = (
			);
			name = "[CP] Copy Pods Resources";
			outputPaths = (
			);
			runOnlyForDeploymentPostprocessing = 0;
			shellPath = /bin/sh;
			shellScript = "\"${SRCROOT}/Pods/Target Support Files/Pods-Catstagram/Pods-Catstagram-resources.sh\"\n";
			showEnvVarsInLog = 0;
		};
		C88522CC93A2013655ABCD7D /* [CP] Copy Pods Resources */ = {
			isa = PBXShellScriptBuildPhase;
			buildActionMask = 2147483647;
			files = (
			);
			inputPaths = (
			);
			name = "[CP] Copy Pods Resources";
			outputPaths = (
			);
			runOnlyForDeploymentPostprocessing = 0;
			shellPath = /bin/sh;
			shellScript = "\"${SRCROOT}/Pods/Target Support Files/Pods-CatstagramTests/Pods-CatstagramTests-resources.sh\"\n";
			showEnvVarsInLog = 0;
		};
		D5356853121F94B119CBD9AE /* [CP] Embed Pods Frameworks */ = {
			isa = PBXShellScriptBuildPhase;
			buildActionMask = 2147483647;
			files = (
			);
			inputPaths = (
			);
			name = "[CP] Embed Pods Frameworks";
			outputPaths = (
			);
			runOnlyForDeploymentPostprocessing = 0;
			shellPath = /bin/sh;
			shellScript = "\"${SRCROOT}/Pods/Target Support Files/Pods-CatstagramTests/Pods-CatstagramTests-frameworks.sh\"\n";
			showEnvVarsInLog = 0;
		};
		F67D8A020BFD56F0139EA108 /* [CP] Embed Pods Frameworks */ = {
			isa = PBXShellScriptBuildPhase;
			buildActionMask = 2147483647;
			files = (
			);
			inputPaths = (
			);
			name = "[CP] Embed Pods Frameworks";
			outputPaths = (
			);
			runOnlyForDeploymentPostprocessing = 0;
			shellPath = /bin/sh;
			shellScript = "\"${SRCROOT}/Pods/Target Support Files/Pods-Catstagram/Pods-Catstagram-frameworks.sh\"\n";
			showEnvVarsInLog = 0;
		};
		F9AEA7E2E803A0359A969A3D /* [CP] Check Pods Manifest.lock */ = {
			isa = PBXShellScriptBuildPhase;
			buildActionMask = 2147483647;
			files = (
			);
			inputPaths = (
			);
			name = "[CP] Check Pods Manifest.lock";
			outputPaths = (
			);
			runOnlyForDeploymentPostprocessing = 0;
			shellPath = /bin/sh;
			shellScript = "diff \"${PODS_PODFILE_DIR_PATH}/Podfile.lock\" \"${PODS_ROOT}/Manifest.lock\" > /dev/null\nif [ $? != 0 ] ; then\n    # print error to STDERR\n    echo \"error: The sandbox is not in sync with the Podfile.lock. Run 'pod install' or update your CocoaPods installation.\" >&2\n    exit 1\nfi\n";
			showEnvVarsInLog = 0;
		};
/* End PBXShellScriptBuildPhase section */

/* Begin PBXSourcesBuildPhase section */
		86C5B6C91F02FC7A0003C643 /* Sources */ = {
			isa = PBXSourcesBuildPhase;
			buildActionMask = 2147483647;
			files = (
				86E0DD571F0584BA00A0118B /* DetailedPostViewController.swift in Sources */,
				866EB8661F0302B2004DD202 /* LoginViewController.swift in Sources */,
				865050ED1F042D1B003B0D40 /* PostCell.swift in Sources */,
				865050E31F031581003B0D40 /* PhotoMapViewController.swift in Sources */,
				865050E71F032F5B003B0D40 /* Post.swift in Sources */,
				86735A701F047B890085774B /* SelectionViewController.swift in Sources */,
				86E0DD5B1F05CA5000A0118B /* ProfileViewController.swift in Sources */,
				86C5B6D11F02FC7A0003C643 /* AppDelegate.swift in Sources */,
				865050E51F031EC6003B0D40 /* HomeScreenViewController.swift in Sources */,
			);
			runOnlyForDeploymentPostprocessing = 0;
		};
		86C5B6DD1F02FC7A0003C643 /* Sources */ = {
			isa = PBXSourcesBuildPhase;
			buildActionMask = 2147483647;
			files = (
				86C5B6E61F02FC7A0003C643 /* CatstagramTests.swift in Sources */,
			);
			runOnlyForDeploymentPostprocessing = 0;
		};
		86C5B6E81F02FC7A0003C643 /* Sources */ = {
			isa = PBXSourcesBuildPhase;
			buildActionMask = 2147483647;
			files = (
				86C5B6F11F02FC7A0003C643 /* CatstagramUITests.swift in Sources */,
			);
			runOnlyForDeploymentPostprocessing = 0;
		};
/* End PBXSourcesBuildPhase section */

/* Begin PBXTargetDependency section */
		86C5B6E31F02FC7A0003C643 /* PBXTargetDependency */ = {
			isa = PBXTargetDependency;
			target = 86C5B6CC1F02FC7A0003C643 /* Catstagram */;
			targetProxy = 86C5B6E21F02FC7A0003C643 /* PBXContainerItemProxy */;
		};
		86C5B6EE1F02FC7A0003C643 /* PBXTargetDependency */ = {
			isa = PBXTargetDependency;
			target = 86C5B6CC1F02FC7A0003C643 /* Catstagram */;
			targetProxy = 86C5B6ED1F02FC7A0003C643 /* PBXContainerItemProxy */;
		};
/* End PBXTargetDependency section */

/* Begin PBXVariantGroup section */
		86C5B6D41F02FC7A0003C643 /* Main.storyboard */ = {
			isa = PBXVariantGroup;
			children = (
				86C5B6D51F02FC7A0003C643 /* Base */,
			);
			name = Main.storyboard;
			sourceTree = "<group>";
		};
		86C5B6D91F02FC7A0003C643 /* LaunchScreen.storyboard */ = {
			isa = PBXVariantGroup;
			children = (
				86C5B6DA1F02FC7A0003C643 /* Base */,
			);
			name = LaunchScreen.storyboard;
			sourceTree = "<group>";
		};
/* End PBXVariantGroup section */

/* Begin XCBuildConfiguration section */
		86C5B6F31F02FC7A0003C643 /* Debug */ = {
			isa = XCBuildConfiguration;
			buildSettings = {
				ALWAYS_SEARCH_USER_PATHS = NO;
				CLANG_ANALYZER_NONNULL = YES;
				CLANG_ANALYZER_NUMBER_OBJECT_CONVERSION = YES_AGGRESSIVE;
				CLANG_CXX_LANGUAGE_STANDARD = "gnu++0x";
				CLANG_CXX_LIBRARY = "libc++";
				CLANG_ENABLE_MODULES = YES;
				CLANG_ENABLE_OBJC_ARC = YES;
				CLANG_WARN_BOOL_CONVERSION = YES;
				CLANG_WARN_CONSTANT_CONVERSION = YES;
				CLANG_WARN_DIRECT_OBJC_ISA_USAGE = YES_ERROR;
				CLANG_WARN_DOCUMENTATION_COMMENTS = YES;
				CLANG_WARN_EMPTY_BODY = YES;
				CLANG_WARN_ENUM_CONVERSION = YES;
				CLANG_WARN_INFINITE_RECURSION = YES;
				CLANG_WARN_INT_CONVERSION = YES;
				CLANG_WARN_OBJC_ROOT_CLASS = YES_ERROR;
				CLANG_WARN_SUSPICIOUS_MOVE = YES;
				CLANG_WARN_UNREACHABLE_CODE = YES;
				CLANG_WARN__DUPLICATE_METHOD_MATCH = YES;
				"CODE_SIGN_IDENTITY[sdk=iphoneos*]" = "iPhone Developer";
				COPY_PHASE_STRIP = NO;
				DEBUG_INFORMATION_FORMAT = dwarf;
				ENABLE_STRICT_OBJC_MSGSEND = YES;
				ENABLE_TESTABILITY = YES;
				GCC_C_LANGUAGE_STANDARD = gnu99;
				GCC_DYNAMIC_NO_PIC = NO;
				GCC_NO_COMMON_BLOCKS = YES;
				GCC_OPTIMIZATION_LEVEL = 0;
				GCC_PREPROCESSOR_DEFINITIONS = (
					"DEBUG=1",
					"$(inherited)",
				);
				GCC_WARN_64_TO_32_BIT_CONVERSION = YES;
				GCC_WARN_ABOUT_RETURN_TYPE = YES_ERROR;
				GCC_WARN_UNDECLARED_SELECTOR = YES;
				GCC_WARN_UNINITIALIZED_AUTOS = YES_AGGRESSIVE;
				GCC_WARN_UNUSED_FUNCTION = YES;
				GCC_WARN_UNUSED_VARIABLE = YES;
				IPHONEOS_DEPLOYMENT_TARGET = 10.3;
				MTL_ENABLE_DEBUG_INFO = YES;
				ONLY_ACTIVE_ARCH = YES;
				SDKROOT = iphoneos;
				SWIFT_ACTIVE_COMPILATION_CONDITIONS = DEBUG;
				SWIFT_OPTIMIZATION_LEVEL = "-Onone";
			};
			name = Debug;
		};
		86C5B6F41F02FC7A0003C643 /* Release */ = {
			isa = XCBuildConfiguration;
			buildSettings = {
				ALWAYS_SEARCH_USER_PATHS = NO;
				CLANG_ANALYZER_NONNULL = YES;
				CLANG_ANALYZER_NUMBER_OBJECT_CONVERSION = YES_AGGRESSIVE;
				CLANG_CXX_LANGUAGE_STANDARD = "gnu++0x";
				CLANG_CXX_LIBRARY = "libc++";
				CLANG_ENABLE_MODULES = YES;
				CLANG_ENABLE_OBJC_ARC = YES;
				CLANG_WARN_BOOL_CONVERSION = YES;
				CLANG_WARN_CONSTANT_CONVERSION = YES;
				CLANG_WARN_DIRECT_OBJC_ISA_USAGE = YES_ERROR;
				CLANG_WARN_DOCUMENTATION_COMMENTS = YES;
				CLANG_WARN_EMPTY_BODY = YES;
				CLANG_WARN_ENUM_CONVERSION = YES;
				CLANG_WARN_INFINITE_RECURSION = YES;
				CLANG_WARN_INT_CONVERSION = YES;
				CLANG_WARN_OBJC_ROOT_CLASS = YES_ERROR;
				CLANG_WARN_SUSPICIOUS_MOVE = YES;
				CLANG_WARN_UNREACHABLE_CODE = YES;
				CLANG_WARN__DUPLICATE_METHOD_MATCH = YES;
				"CODE_SIGN_IDENTITY[sdk=iphoneos*]" = "iPhone Developer";
				COPY_PHASE_STRIP = NO;
				DEBUG_INFORMATION_FORMAT = "dwarf-with-dsym";
				ENABLE_NS_ASSERTIONS = NO;
				ENABLE_STRICT_OBJC_MSGSEND = YES;
				GCC_C_LANGUAGE_STANDARD = gnu99;
				GCC_NO_COMMON_BLOCKS = YES;
				GCC_WARN_64_TO_32_BIT_CONVERSION = YES;
				GCC_WARN_ABOUT_RETURN_TYPE = YES_ERROR;
				GCC_WARN_UNDECLARED_SELECTOR = YES;
				GCC_WARN_UNINITIALIZED_AUTOS = YES_AGGRESSIVE;
				GCC_WARN_UNUSED_FUNCTION = YES;
				GCC_WARN_UNUSED_VARIABLE = YES;
				IPHONEOS_DEPLOYMENT_TARGET = 10.3;
				MTL_ENABLE_DEBUG_INFO = NO;
				SDKROOT = iphoneos;
				SWIFT_OPTIMIZATION_LEVEL = "-Owholemodule";
				VALIDATE_PRODUCT = YES;
			};
			name = Release;
		};
		86C5B6F61F02FC7A0003C643 /* Debug */ = {
			isa = XCBuildConfiguration;
			baseConfigurationReference = 82D664BA3500F244CD396601 /* Pods-Catstagram.debug.xcconfig */;
			buildSettings = {
				ASSETCATALOG_COMPILER_APPICON_NAME = AppIcon;
				DEVELOPMENT_TEAM = 2RV3P7RPT3;
				INFOPLIST_FILE = Catstagram/Info.plist;
				LD_RUNPATH_SEARCH_PATHS = "$(inherited) @executable_path/Frameworks";
				PRODUCT_BUNDLE_IDENTIFIER = com.olga.Catstagram;
				PRODUCT_NAME = "$(TARGET_NAME)";
				SWIFT_VERSION = 3.0;
			};
			name = Debug;
		};
		86C5B6F71F02FC7A0003C643 /* Release */ = {
			isa = XCBuildConfiguration;
			baseConfigurationReference = CBEB697E2F0149997F146F06 /* Pods-Catstagram.release.xcconfig */;
			buildSettings = {
				ASSETCATALOG_COMPILER_APPICON_NAME = AppIcon;
				DEVELOPMENT_TEAM = 2RV3P7RPT3;
				INFOPLIST_FILE = Catstagram/Info.plist;
				LD_RUNPATH_SEARCH_PATHS = "$(inherited) @executable_path/Frameworks";
				PRODUCT_BUNDLE_IDENTIFIER = com.olga.Catstagram;
				PRODUCT_NAME = "$(TARGET_NAME)";
				SWIFT_VERSION = 3.0;
			};
			name = Release;
		};
		86C5B6F91F02FC7A0003C643 /* Debug */ = {
			isa = XCBuildConfiguration;
			baseConfigurationReference = DE8BA4261FEFFC76BC3C4C8F /* Pods-CatstagramTests.debug.xcconfig */;
			buildSettings = {
				ALWAYS_EMBED_SWIFT_STANDARD_LIBRARIES = YES;
				BUNDLE_LOADER = "$(TEST_HOST)";
				INFOPLIST_FILE = CatstagramTests/Info.plist;
				LD_RUNPATH_SEARCH_PATHS = "$(inherited) @executable_path/Frameworks @loader_path/Frameworks";
				PRODUCT_BUNDLE_IDENTIFIER = com.olga.CatstagramTests;
				PRODUCT_NAME = "$(TARGET_NAME)";
				SWIFT_VERSION = 3.0;
				TEST_HOST = "$(BUILT_PRODUCTS_DIR)/Catstagram.app/Catstagram";
			};
			name = Debug;
		};
		86C5B6FA1F02FC7A0003C643 /* Release */ = {
			isa = XCBuildConfiguration;
			baseConfigurationReference = CE6DB0464B4EB25C371F001F /* Pods-CatstagramTests.release.xcconfig */;
			buildSettings = {
				ALWAYS_EMBED_SWIFT_STANDARD_LIBRARIES = YES;
				BUNDLE_LOADER = "$(TEST_HOST)";
				INFOPLIST_FILE = CatstagramTests/Info.plist;
				LD_RUNPATH_SEARCH_PATHS = "$(inherited) @executable_path/Frameworks @loader_path/Frameworks";
				PRODUCT_BUNDLE_IDENTIFIER = com.olga.CatstagramTests;
				PRODUCT_NAME = "$(TARGET_NAME)";
				SWIFT_VERSION = 3.0;
				TEST_HOST = "$(BUILT_PRODUCTS_DIR)/Catstagram.app/Catstagram";
			};
			name = Release;
		};
		86C5B6FC1F02FC7A0003C643 /* Debug */ = {
			isa = XCBuildConfiguration;
			baseConfigurationReference = 322D227006153E72572DF020 /* Pods-CatstagramUITests.debug.xcconfig */;
			buildSettings = {
				ALWAYS_EMBED_SWIFT_STANDARD_LIBRARIES = YES;
				INFOPLIST_FILE = CatstagramUITests/Info.plist;
				LD_RUNPATH_SEARCH_PATHS = "$(inherited) @executable_path/Frameworks @loader_path/Frameworks";
				PRODUCT_BUNDLE_IDENTIFIER = com.olga.CatstagramUITests;
				PRODUCT_NAME = "$(TARGET_NAME)";
				SWIFT_VERSION = 3.0;
				TEST_TARGET_NAME = Catstagram;
			};
			name = Debug;
		};
		86C5B6FD1F02FC7A0003C643 /* Release */ = {
			isa = XCBuildConfiguration;
			baseConfigurationReference = C0EE6DDAA423C8E658E7864D /* Pods-CatstagramUITests.release.xcconfig */;
			buildSettings = {
				ALWAYS_EMBED_SWIFT_STANDARD_LIBRARIES = YES;
				INFOPLIST_FILE = CatstagramUITests/Info.plist;
				LD_RUNPATH_SEARCH_PATHS = "$(inherited) @executable_path/Frameworks @loader_path/Frameworks";
				PRODUCT_BUNDLE_IDENTIFIER = com.olga.CatstagramUITests;
				PRODUCT_NAME = "$(TARGET_NAME)";
				SWIFT_VERSION = 3.0;
				TEST_TARGET_NAME = Catstagram;
			};
			name = Release;
		};
/* End XCBuildConfiguration section */

/* Begin XCConfigurationList section */
		86C5B6C81F02FC7A0003C643 /* Build configuration list for PBXProject "Catstagram" */ = {
			isa = XCConfigurationList;
			buildConfigurations = (
				86C5B6F31F02FC7A0003C643 /* Debug */,
				86C5B6F41F02FC7A0003C643 /* Release */,
			);
			defaultConfigurationIsVisible = 0;
			defaultConfigurationName = Release;
		};
		86C5B6F51F02FC7A0003C643 /* Build configuration list for PBXNativeTarget "Catstagram" */ = {
			isa = XCConfigurationList;
			buildConfigurations = (
				86C5B6F61F02FC7A0003C643 /* Debug */,
				86C5B6F71F02FC7A0003C643 /* Release */,
			);
			defaultConfigurationIsVisible = 0;
			defaultConfigurationName = Release;
		};
		86C5B6F81F02FC7A0003C643 /* Build configuration list for PBXNativeTarget "CatstagramTests" */ = {
			isa = XCConfigurationList;
			buildConfigurations = (
				86C5B6F91F02FC7A0003C643 /* Debug */,
				86C5B6FA1F02FC7A0003C643 /* Release */,
			);
			defaultConfigurationIsVisible = 0;
			defaultConfigurationName = Release;
		};
		86C5B6FB1F02FC7A0003C643 /* Build configuration list for PBXNativeTarget "CatstagramUITests" */ = {
			isa = XCConfigurationList;
			buildConfigurations = (
				86C5B6FC1F02FC7A0003C643 /* Debug */,
				86C5B6FD1F02FC7A0003C643 /* Release */,
			);
			defaultConfigurationIsVisible = 0;
			defaultConfigurationName = Release;
		};
/* End XCConfigurationList section */
	};
	rootObject = 86C5B6C51F02FC7A0003C643 /* Project object */;
}
